
Microsoft Visual Studio Solution File, Format Version 12.00
# Visual Studio Version 17
VisualStudioVersion = 17.9.34728.123
MinimumVisualStudioVersion = 10.0.40219.1
Project("{9A19103F-16F7-4668-BE54-9A1E7A4F7556}") = "CapitalPlacement.API", "CapitalPlacement.API\CapitalPlacement.API.csproj", "{72B0EDE6-FF52-49DC-94FB-9930DB0E5BD6}"
EndProject
Project("{FAE04EC0-301F-11D3-BF4B-00C04F79EFBC}") = "CapitalPlacement.Application", "CapitalPlacement.Application\CapitalPlacement.Application.csproj", "{626C537D-CD4D-4411-9C95-129D12ECDEE1}"
EndProject
Project("{FAE04EC0-301F-11D3-BF4B-00C04F79EFBC}") = "CapitalPlacement.Infrastructure", "CapitalPlacement.Infrastructure\CapitalPlacement.Infrastructure.csproj", "{F8206326-395A-40D3-AFFF-DCEEE2B2FBE2}"
EndProject
Project("{FAE04EC0-301F-11D3-BF4B-00C04F79EFBC}") = "CapitalPlacement.Domain", "CapitalPlacement.Domain\CapitalPlacement.Domain.csproj", "{CDF9DC21-9F67-4C37-9597-29753FBC2EB6}"
EndProject
Project("{FAE04EC0-301F-11D3-BF4B-00C04F79EFBC}") = "CapitalPlacement.Shared", "CapitalPlacement.Shared\CapitalPlacement.Shared.csproj", "{2B57BE78-CEB5-4E88-93A1-130B73059E37}"
EndProject
Project("{FAE04EC0-301F-11D3-BF4B-00C04F79EFBC}") = "CapitalPlacement.Infrastructure.Test", "CapitalPlacement.Infrastructure.Test\CapitalPlacement.Infrastructure.Test.csproj", "{F3673BC5-C84A-470D-A94F-E4461CFB4086}"
EndProject
Global
	GlobalSection(SolutionConfigurationPlatforms) = preSolution
		Debug|Any CPU = Debug|Any CPU
		Release|Any CPU = Release|Any CPU
	EndGlobalSection
	GlobalSection(ProjectConfigurationPlatforms) = postSolution
		{72B0EDE6-FF52-49DC-94FB-9930DB0E5BD6}.Debug|Any CPU.ActiveCfg = Debug|Any CPU
		{72B0EDE6-FF52-49DC-94FB-9930DB0E5BD6}.Debug|Any CPU.Build.0 = Debug|Any CPU
		{72B0EDE6-FF52-49DC-94FB-9930DB0E5BD6}.Release|Any CPU.ActiveCfg = Release|Any CPU
		{72B0EDE6-FF52-49DC-94FB-9930DB0E5BD6}.Release|Any CPU.Build.0 = Release|Any CPU
		{626C537D-CD4D-4411-9C95-129D12ECDEE1}.Debug|Any CPU.ActiveCfg = Debug|Any CPU
		{626C537D-CD4D-4411-9C95-129D12ECDEE1}.Debug|Any CPU.Build.0 = Debug|Any CPU
		{626C537D-CD4D-4411-9C95-129D12ECDEE1}.Release|Any CPU.ActiveCfg = Release|Any CPU
		{626C537D-CD4D-4411-9C95-129D12ECDEE1}.Release|Any CPU.Build.0 = Release|Any CPU
		{F8206326-395A-40D3-AFFF-DCEEE2B2FBE2}.Debug|Any CPU.ActiveCfg = Debug|Any CPU
		{F8206326-395A-40D3-AFFF-DCEEE2B2FBE2}.Debug|Any CPU.Build.0 = Debug|Any CPU
		{F8206326-395A-40D3-AFFF-DCEEE2B2FBE2}.Release|Any CPU.ActiveCfg = Release|Any CPU
		{F8206326-395A-40D3-AFFF-DCEEE2B2FBE2}.Release|Any CPU.Build.0 = Release|Any CPU
		{CDF9DC21-9F67-4C37-9597-29753FBC2EB6}.Debug|Any CPU.ActiveCfg = Debug|Any CPU
		{CDF9DC21-9F67-4C37-9597-29753FBC2EB6}.Debug|Any CPU.Build.0 = Debug|Any CPU
		{CDF9DC21-9F67-4C37-9597-29753FBC2EB6}.Release|Any CPU.ActiveCfg = Release|Any CPU
		{CDF9DC21-9F67-4C37-9597-29753FBC2EB6}.Release|Any CPU.Build.0 = Release|Any CPU
		{2B57BE78-CEB5-4E88-93A1-130B73059E37}.Debug|Any CPU.ActiveCfg = Debug|Any CPU
		{2B57BE78-CEB5-4E88-93A1-130B73059E37}.Debug|Any CPU.Build.0 = Debug|Any CPU
		{2B57BE78-CEB5-4E88-93A1-130B73059E37}.Release|Any CPU.ActiveCfg = Release|Any CPU
		{2B57BE78-CEB5-4E88-93A1-130B73059E37}.Release|Any CPU.Build.0 = Release|Any CPU
		{F3673BC5-C84A-470D-A94F-E4461CFB4086}.Debug|Any CPU.ActiveCfg = Debug|Any CPU
		{F3673BC5-C84A-470D-A94F-E4461CFB4086}.Debug|Any CPU.Build.0 = Debug|Any CPU
		{F3673BC5-C84A-470D-A94F-E4461CFB4086}.Release|Any CPU.ActiveCfg = Release|Any CPU
		{F3673BC5-C84A-470D-A94F-E4461CFB4086}.Release|Any CPU.Build.0 = Release|Any CPU
	EndGlobalSection
	GlobalSection(SolutionProperties) = preSolution
		HideSolutionNode = FALSE
	EndGlobalSection
	GlobalSection(ExtensibilityGlobals) = postSolution
		SolutionGuid = {19A6D333-1003-4526-975B-886A912B1C39}
	EndGlobalSection
EndGlobal
